
Microsoft Visual Studio Solution File, Format Version 12.00
# Visual Studio Version 17
VisualStudioVersion = 17.4.33103.184
MinimumVisualStudioVersion = 10.0.40219.1
Project("{FAE04EC0-301F-11D3-BF4B-00C04F79EFBC}") = "QuantumEvolve.Host", "QuantumEvolve.Host\QuantumEvolve.Host.csproj", "{F8661B99-FC51-40A6-8D5D-96D248021457}"
EndProject
Project("{FAE04EC0-301F-11D3-BF4B-00C04F79EFBC}") = "QuantumEvolve.Core", "QuantumEvolve.Core\QuantumEvolve.Core.csproj", "{129F8533-EF60-447B-94E7-6F80D81D8C56}"
EndProject
Global
	GlobalSection(SolutionConfigurationPlatforms) = preSolution
		Debug|Any CPU = Debug|Any CPU
		Release|Any CPU = Release|Any CPU
	EndGlobalSection
	GlobalSection(ProjectConfigurationPlatforms) = postSolution
		{F8661B99-FC51-40A6-8D5D-96D248021457}.Debug|Any CPU.ActiveCfg = Debug|Any CPU
		{F8661B99-FC51-40A6-8D5D-96D248021457}.Debug|Any CPU.Build.0 = Debug|Any CPU
		{F8661B99-FC51-40A6-8D5D-96D248021457}.Release|Any CPU.ActiveCfg = Release|Any CPU
		{F8661B99-FC51-40A6-8D5D-96D248021457}.Release|Any CPU.Build.0 = Release|Any CPU
		{129F8533-EF60-447B-94E7-6F80D81D8C56}.Debug|Any CPU.ActiveCfg = Debug|Any CPU
		{129F8533-EF60-447B-94E7-6F80D81D8C56}.Debug|Any CPU.Build.0 = Debug|Any CPU
		{129F8533-EF60-447B-94E7-6F80D81D8C56}.Release|Any CPU.ActiveCfg = Release|Any CPU
		{129F8533-EF60-447B-94E7-6F80D81D8C56}.Release|Any CPU.Build.0 = Release|Any CPU
	EndGlobalSection
	GlobalSection(SolutionProperties) = preSolution
		HideSolutionNode = FALSE
	EndGlobalSection
	GlobalSection(ExtensibilityGlobals) = postSolution
		SolutionGuid = {2BA18CA4-659D-4977-93D1-48B5CFF25415}
	EndGlobalSection
EndGlobal
